
Microsoft Visual Studio Solution File, Format Version 12.00
# Visual Studio Version 17
VisualStudioVersion = 17.7.34202.233
MinimumVisualStudioVersion = 10.0.40219.1
Project("{FAE04EC0-301F-11D3-BF4B-00C04F79EFBC}") = "Win04", "Win04\Win04.csproj", "{1D1E0A80-B07A-4368-B6B0-22B05443A39C}"
EndProject
Project("{FAE04EC0-301F-11D3-BF4B-00C04F79EFBC}") = "Win05", "Win05\Win05.csproj", "{A7F31B28-6916-439E-BB38-BA04424DE739}"
EndProject
Project("{FAE04EC0-301F-11D3-BF4B-00C04F79EFBC}") = "Win06", "Win06\Win06.csproj", "{D5730660-743B-45C5-A5C1-398BBE7130AD}"
EndProject
Project("{FAE04EC0-301F-11D3-BF4B-00C04F79EFBC}") = "Win07", "Win07\Win07.csproj", "{941C1CEC-D448-4B67-A580-97FF4C6CB315}"
EndProject
Project("{FAE04EC0-301F-11D3-BF4B-00C04F79EFBC}") = "Win08", "Win08\Win08.csproj", "{BBD1ED15-9336-4DE5-8AA5-F2BD82856578}"
EndProject
Project("{FAE04EC0-301F-11D3-BF4B-00C04F79EFBC}") = "Win09", "Win09\Win09.csproj", "{8D29A831-A761-4E64-A27F-1D82755B06EF}"
EndProject
Project("{FAE04EC0-301F-11D3-BF4B-00C04F79EFBC}") = "Win10", "Win10\Win10.csproj", "{C4EEC03A-70B3-4501-A52B-4EA005D48E4A}"
EndProject
Project("{FAE04EC0-301F-11D3-BF4B-00C04F79EFBC}") = "Win11", "Win11\Win11.csproj", "{116FEFDB-CE3E-41E4-BC01-C818F28F04A0}"
EndProject
Project("{FAE04EC0-301F-11D3-BF4B-00C04F79EFBC}") = "Win12", "Win12\Win12.csproj", "{E7925BA9-6943-44D1-A5E5-BC2DE7570FC3}"
EndProject
Project("{FAE04EC0-301F-11D3-BF4B-00C04F79EFBC}") = "Win13", "Win13\Win13.csproj", "{1D30A921-DAE9-4CA3-B329-653F44586A73}"
EndProject
Project("{FAE04EC0-301F-11D3-BF4B-00C04F79EFBC}") = "Win14", "Win14\Win14.csproj", "{730AAB74-08BC-4CA6-B17B-A62D6996BB21}"
EndProject
Project("{FAE04EC0-301F-11D3-BF4B-00C04F79EFBC}") = "Win15", "Win15\Win15.csproj", "{DA685876-F224-42A8-A50D-949A43572D77}"
EndProject
Global
	GlobalSection(SolutionConfigurationPlatforms) = preSolution
		Debug|Any CPU = Debug|Any CPU
		Release|Any CPU = Release|Any CPU
	EndGlobalSection
	GlobalSection(ProjectConfigurationPlatforms) = postSolution
		{1D1E0A80-B07A-4368-B6B0-22B05443A39C}.Debug|Any CPU.ActiveCfg = Debug|Any CPU
		{1D1E0A80-B07A-4368-B6B0-22B05443A39C}.Debug|Any CPU.Build.0 = Debug|Any CPU
		{1D1E0A80-B07A-4368-B6B0-22B05443A39C}.Release|Any CPU.ActiveCfg = Release|Any CPU
		{1D1E0A80-B07A-4368-B6B0-22B05443A39C}.Release|Any CPU.Build.0 = Release|Any CPU
		{A7F31B28-6916-439E-BB38-BA04424DE739}.Debug|Any CPU.ActiveCfg = Debug|Any CPU
		{A7F31B28-6916-439E-BB38-BA04424DE739}.Debug|Any CPU.Build.0 = Debug|Any CPU
		{A7F31B28-6916-439E-BB38-BA04424DE739}.Release|Any CPU.ActiveCfg = Release|Any CPU
		{A7F31B28-6916-439E-BB38-BA04424DE739}.Release|Any CPU.Build.0 = Release|Any CPU
		{D5730660-743B-45C5-A5C1-398BBE7130AD}.Debug|Any CPU.ActiveCfg = Debug|Any CPU
		{D5730660-743B-45C5-A5C1-398BBE7130AD}.Debug|Any CPU.Build.0 = Debug|Any CPU
		{D5730660-743B-45C5-A5C1-398BBE7130AD}.Release|Any CPU.ActiveCfg = Release|Any CPU
		{D5730660-743B-45C5-A5C1-398BBE7130AD}.Release|Any CPU.Build.0 = Release|Any CPU
		{941C1CEC-D448-4B67-A580-97FF4C6CB315}.Debug|Any CPU.ActiveCfg = Debug|Any CPU
		{941C1CEC-D448-4B67-A580-97FF4C6CB315}.Debug|Any CPU.Build.0 = Debug|Any CPU
		{941C1CEC-D448-4B67-A580-97FF4C6CB315}.Release|Any CPU.ActiveCfg = Release|Any CPU
		{941C1CEC-D448-4B67-A580-97FF4C6CB315}.Release|Any CPU.Build.0 = Release|Any CPU
		{BBD1ED15-9336-4DE5-8AA5-F2BD82856578}.Debug|Any CPU.ActiveCfg = Debug|Any CPU
		{BBD1ED15-9336-4DE5-8AA5-F2BD82856578}.Debug|Any CPU.Build.0 = Debug|Any CPU
		{BBD1ED15-9336-4DE5-8AA5-F2BD82856578}.Release|Any CPU.ActiveCfg = Release|Any CPU
		{BBD1ED15-9336-4DE5-8AA5-F2BD82856578}.Release|Any CPU.Build.0 = Release|Any CPU
		{8D29A831-A761-4E64-A27F-1D82755B06EF}.Debug|Any CPU.ActiveCfg = Debug|Any CPU
		{8D29A831-A761-4E64-A27F-1D82755B06EF}.Debug|Any CPU.Build.0 = Debug|Any CPU
		{8D29A831-A761-4E64-A27F-1D82755B06EF}.Release|Any CPU.ActiveCfg = Release|Any CPU
		{8D29A831-A761-4E64-A27F-1D82755B06EF}.Release|Any CPU.Build.0 = Release|Any CPU
		{C4EEC03A-70B3-4501-A52B-4EA005D48E4A}.Debug|Any CPU.ActiveCfg = Debug|Any CPU
		{C4EEC03A-70B3-4501-A52B-4EA005D48E4A}.Debug|Any CPU.Build.0 = Debug|Any CPU
		{C4EEC03A-70B3-4501-A52B-4EA005D48E4A}.Release|Any CPU.ActiveCfg = Release|Any CPU
		{C4EEC03A-70B3-4501-A52B-4EA005D48E4A}.Release|Any CPU.Build.0 = Release|Any CPU
		{116FEFDB-CE3E-41E4-BC01-C818F28F04A0}.Debug|Any CPU.ActiveCfg = Debug|Any CPU
		{116FEFDB-CE3E-41E4-BC01-C818F28F04A0}.Debug|Any CPU.Build.0 = Debug|Any CPU
		{116FEFDB-CE3E-41E4-BC01-C818F28F04A0}.Release|Any CPU.ActiveCfg = Release|Any CPU
		{116FEFDB-CE3E-41E4-BC01-C818F28F04A0}.Release|Any CPU.Build.0 = Release|Any CPU
		{E7925BA9-6943-44D1-A5E5-BC2DE7570FC3}.Debug|Any CPU.ActiveCfg = Debug|Any CPU
		{E7925BA9-6943-44D1-A5E5-BC2DE7570FC3}.Debug|Any CPU.Build.0 = Debug|Any CPU
		{E7925BA9-6943-44D1-A5E5-BC2DE7570FC3}.Release|Any CPU.ActiveCfg = Release|Any CPU
		{E7925BA9-6943-44D1-A5E5-BC2DE7570FC3}.Release|Any CPU.Build.0 = Release|Any CPU
		{1D30A921-DAE9-4CA3-B329-653F44586A73}.Debug|Any CPU.ActiveCfg = Debug|Any CPU
		{1D30A921-DAE9-4CA3-B329-653F44586A73}.Debug|Any CPU.Build.0 = Debug|Any CPU
		{1D30A921-DAE9-4CA3-B329-653F44586A73}.Release|Any CPU.ActiveCfg = Release|Any CPU
		{1D30A921-DAE9-4CA3-B329-653F44586A73}.Release|Any CPU.Build.0 = Release|Any CPU
		{730AAB74-08BC-4CA6-B17B-A62D6996BB21}.Debug|Any CPU.ActiveCfg = Debug|Any CPU
		{730AAB74-08BC-4CA6-B17B-A62D6996BB21}.Debug|Any CPU.Build.0 = Debug|Any CPU
		{730AAB74-08BC-4CA6-B17B-A62D6996BB21}.Release|Any CPU.ActiveCfg = Release|Any CPU
		{730AAB74-08BC-4CA6-B17B-A62D6996BB21}.Release|Any CPU.Build.0 = Release|Any CPU
		{DA685876-F224-42A8-A50D-949A43572D77}.Debug|Any CPU.ActiveCfg = Debug|Any CPU
		{DA685876-F224-42A8-A50D-949A43572D77}.Debug|Any CPU.Build.0 = Debug|Any CPU
		{DA685876-F224-42A8-A50D-949A43572D77}.Release|Any CPU.ActiveCfg = Release|Any CPU
		{DA685876-F224-42A8-A50D-949A43572D77}.Release|Any CPU.Build.0 = Release|Any CPU
	EndGlobalSection
	GlobalSection(SolutionProperties) = preSolution
		HideSolutionNode = FALSE
	EndGlobalSection
	GlobalSection(ExtensibilityGlobals) = postSolution
		SolutionGuid = {127EFBFF-CF65-4B62-8456-0407D9A4CDD2}
	EndGlobalSection
EndGlobal
